
Microsoft Visual Studio Solution File, Format Version 12.00
# Visual Studio Version 17
VisualStudioVersion = 17.7.34221.43
MinimumVisualStudioVersion = 10.0.40219.1
Project("{FAE04EC0-301F-11D3-BF4B-00C04F79EFBC}") = "harshbasiccalculator", "harshbasiccalculator\harshbasiccalculator.csproj", "{0800B284-197B-4926-A0A1-1DFF4998BA20}"
EndProject
Global
	GlobalSection(SolutionConfigurationPlatforms) = preSolution
		Debug|Any CPU = Debug|Any CPU
		Release|Any CPU = Release|Any CPU
	EndGlobalSection
	GlobalSection(ProjectConfigurationPlatforms) = postSolution
		{0800B284-197B-4926-A0A1-1DFF4998BA20}.Debug|Any CPU.ActiveCfg = Debug|Any CPU
		{0800B284-197B-4926-A0A1-1DFF4998BA20}.Debug|Any CPU.Build.0 = Debug|Any CPU
		{0800B284-197B-4926-A0A1-1DFF4998BA20}.Release|Any CPU.ActiveCfg = Release|Any CPU
		{0800B284-197B-4926-A0A1-1DFF4998BA20}.Release|Any CPU.Build.0 = Release|Any CPU
	EndGlobalSection
	GlobalSection(SolutionProperties) = preSolution
		HideSolutionNode = FALSE
	EndGlobalSection
	GlobalSection(ExtensibilityGlobals) = postSolution
		SolutionGuid = {6E58F485-8858-44A0-808E-019357F29351}
	EndGlobalSection
EndGlobal
